
Microsoft Visual Studio Solution File, Format Version 12.00
Project("{2150E333-8FDC-42A3-9474-1A3956D46DE8}") = "Source", "Source", "{883A5170-1EBE-4100-A5AE-14FC901BD946}"
EndProject
Project("{2150E333-8FDC-42A3-9474-1A3956D46DE8}") = "Toolkits", "Toolkits", "{24447565-7F84-4FD5-BA41-B56D1C654343}"
EndProject
Project("{FAE04EC0-301F-11D3-BF4B-00C04F79EFBC}") = "Infinity.Basic", "toolkits\Infinity.Basic\Infinity.Basic.csproj", "{B74D9C33-5C60-4DCE-98F6-C4C164F74444}"
EndProject
Project("{FAE04EC0-301F-11D3-BF4B-00C04F79EFBC}") = "Infinity.Mvvm", "toolkits\Infinity.Mvvm\Infinity.Mvvm.csproj", "{0E15B020-28CA-49F1-BB67-F341286F30B6}"
EndProject
Project("{FAE04EC0-301F-11D3-BF4B-00C04F79EFBC}") = "Infinity.Wpf", "toolkits\Infinity.Wpf\Infinity.Wpf.csproj", "{4B424F61-4BAC-4672-BC67-66A0D08F3EE2}"
EndProject
Project("{FAE04EC0-301F-11D3-BF4B-00C04F79EFBC}") = "Infinity.MahApps", "toolkits\Infinity.MahApps\Infinity.MahApps.csproj", "{49CE0B86-BC33-41BE-B4B9-0E2475ED6A3E}"
EndProject
Project("{FAE04EC0-301F-11D3-BF4B-00C04F79EFBC}") = "AcChartsModel", "source\AcChartsModel\AcChartsModel.csproj", "{B6B76625-23C7-4ECF-A391-944B317BDDA0}"
EndProject
Project("{FAE04EC0-301F-11D3-BF4B-00C04F79EFBC}") = "AcChartsViewModel", "source\AcChartsViewModel\AcChartsViewModel.csproj", "{10080922-6265-4D00-8F21-AB6F91C99204}"
EndProject
Project("{FAE04EC0-301F-11D3-BF4B-00C04F79EFBC}") = "AcChartsView", "source\AcChartsView\AcChartsView.csproj", "{09A39E2C-314A-43C2-9F20-7E889279D2C0}"
EndProject
Global
	GlobalSection(SolutionConfigurationPlatforms) = preSolution
		Debug|Any CPU = Debug|Any CPU
		Release|Any CPU = Release|Any CPU
	EndGlobalSection
	GlobalSection(NestedProjects) = preSolution
		{B74D9C33-5C60-4DCE-98F6-C4C164F74444} = {24447565-7F84-4FD5-BA41-B56D1C654343}
		{0E15B020-28CA-49F1-BB67-F341286F30B6} = {24447565-7F84-4FD5-BA41-B56D1C654343}
		{4B424F61-4BAC-4672-BC67-66A0D08F3EE2} = {24447565-7F84-4FD5-BA41-B56D1C654343}
		{49CE0B86-BC33-41BE-B4B9-0E2475ED6A3E} = {24447565-7F84-4FD5-BA41-B56D1C654343}
		{B6B76625-23C7-4ECF-A391-944B317BDDA0} = {883A5170-1EBE-4100-A5AE-14FC901BD946}
		{10080922-6265-4D00-8F21-AB6F91C99204} = {883A5170-1EBE-4100-A5AE-14FC901BD946}
		{09A39E2C-314A-43C2-9F20-7E889279D2C0} = {883A5170-1EBE-4100-A5AE-14FC901BD946}
	EndGlobalSection
	GlobalSection(ProjectConfigurationPlatforms) = postSolution
		{B74D9C33-5C60-4DCE-98F6-C4C164F74444}.Release|Any CPU.ActiveCfg = Release|Any CPU
		{B74D9C33-5C60-4DCE-98F6-C4C164F74444}.Release|Any CPU.Build.0 = Release|Any CPU
		{B74D9C33-5C60-4DCE-98F6-C4C164F74444}.Debug|Any CPU.ActiveCfg = Release|Any CPU
		{B74D9C33-5C60-4DCE-98F6-C4C164F74444}.Debug|Any CPU.Build.0 = Release|Any CPU
		{0E15B020-28CA-49F1-BB67-F341286F30B6}.Release|Any CPU.ActiveCfg = Release|Any CPU
		{0E15B020-28CA-49F1-BB67-F341286F30B6}.Release|Any CPU.Build.0 = Release|Any CPU
		{0E15B020-28CA-49F1-BB67-F341286F30B6}.Debug|Any CPU.ActiveCfg = Release|Any CPU
		{0E15B020-28CA-49F1-BB67-F341286F30B6}.Debug|Any CPU.Build.0 = Release|Any CPU
		{4B424F61-4BAC-4672-BC67-66A0D08F3EE2}.Release|Any CPU.ActiveCfg = Release|Any CPU
		{4B424F61-4BAC-4672-BC67-66A0D08F3EE2}.Release|Any CPU.Build.0 = Release|Any CPU
		{4B424F61-4BAC-4672-BC67-66A0D08F3EE2}.Debug|Any CPU.ActiveCfg = Release|Any CPU
		{4B424F61-4BAC-4672-BC67-66A0D08F3EE2}.Debug|Any CPU.Build.0 = Release|Any CPU
		{49CE0B86-BC33-41BE-B4B9-0E2475ED6A3E}.Release|Any CPU.ActiveCfg = Release|Any CPU
		{49CE0B86-BC33-41BE-B4B9-0E2475ED6A3E}.Release|Any CPU.Build.0 = Release|Any CPU
		{49CE0B86-BC33-41BE-B4B9-0E2475ED6A3E}.Debug|Any CPU.ActiveCfg = Release|Any CPU
		{49CE0B86-BC33-41BE-B4B9-0E2475ED6A3E}.Debug|Any CPU.Build.0 = Release|Any CPU
		{B6B76625-23C7-4ECF-A391-944B317BDDA0}.Release|Any CPU.ActiveCfg = Release|Any CPU
		{B6B76625-23C7-4ECF-A391-944B317BDDA0}.Release|Any CPU.Build.0 = Release|Any CPU
		{B6B76625-23C7-4ECF-A391-944B317BDDA0}.Debug|Any CPU.ActiveCfg = Release|Any CPU
		{B6B76625-23C7-4ECF-A391-944B317BDDA0}.Debug|Any CPU.Build.0 = Release|Any CPU
		{10080922-6265-4D00-8F21-AB6F91C99204}.Release|Any CPU.ActiveCfg = Release|Any CPU
		{10080922-6265-4D00-8F21-AB6F91C99204}.Release|Any CPU.Build.0 = Release|Any CPU
		{10080922-6265-4D00-8F21-AB6F91C99204}.Debug|Any CPU.ActiveCfg = Release|Any CPU
		{10080922-6265-4D00-8F21-AB6F91C99204}.Debug|Any CPU.Build.0 = Release|Any CPU
		{09A39E2C-314A-43C2-9F20-7E889279D2C0}.Release|Any CPU.ActiveCfg = Release|Any CPU
		{09A39E2C-314A-43C2-9F20-7E889279D2C0}.Release|Any CPU.Build.0 = Release|Any CPU
		{09A39E2C-314A-43C2-9F20-7E889279D2C0}.Debug|Any CPU.ActiveCfg = Release|Any CPU
		{09A39E2C-314A-43C2-9F20-7E889279D2C0}.Debug|Any CPU.Build.0 = Release|Any CPU
	EndGlobalSection
EndGlobal
